
Microsoft Visual Studio Solution File, Format Version 12.00
# Visual Studio Version 17
VisualStudioVersion = 17.14.36414.22 d17.14
MinimumVisualStudioVersion = 10.0.40219.1
Project("{FAE04EC0-301F-11D3-BF4B-00C04F79EFBC}") = "Reversi", "Reversi\Reversi.csproj", "{D45F6D6E-11E5-4A5F-8228-B3F64B5E43B2}"
EndProject
Global
	GlobalSection(SolutionConfigurationPlatforms) = preSolution
		Debug|Any CPU = Debug|Any CPU
		Release|Any CPU = Release|Any CPU
	EndGlobalSection
	GlobalSection(ProjectConfigurationPlatforms) = postSolution
		{D45F6D6E-11E5-4A5F-8228-B3F64B5E43B2}.Debug|Any CPU.ActiveCfg = Debug|Any CPU
		{D45F6D6E-11E5-4A5F-8228-B3F64B5E43B2}.Debug|Any CPU.Build.0 = Debug|Any CPU
		{D45F6D6E-11E5-4A5F-8228-B3F64B5E43B2}.Release|Any CPU.ActiveCfg = Release|Any CPU
		{D45F6D6E-11E5-4A5F-8228-B3F64B5E43B2}.Release|Any CPU.Build.0 = Release|Any CPU
	EndGlobalSection
	GlobalSection(SolutionProperties) = preSolution
		HideSolutionNode = FALSE
	EndGlobalSection
	GlobalSection(ExtensibilityGlobals) = postSolution
		SolutionGuid = {B369FFD5-E166-47D9-9D89-B271F5E93E97}
	EndGlobalSection
EndGlobal
