using System;
using System.ComponentModel.Design;
using System.Diagnostics;
using System.Drawing;
using System.Drawing.Drawing2D;
using System.Security.Policy;
using System.Windows.Forms;

//globale waardes
int vakBreedte = 50;
int vakHoogte = 50;
int huidigeSpeler = 1;
int aantalStenenRood = 0;
int aantalStenenBlauw = 0;

//aanmaken window
Form scherm = new Form();
scherm.MinimumSize = new Size(830, 680);
scherm.BackColor = (Color.FromArgb(245, 246, 248));
scherm.Text = "Reversi";

//aanmaken labels van onderdelen van interface
Label status = new Label();
status.Size = new Size(45, 25);
status.Text = "STATUS";
status.Location = new Point(30, 30);
status.BackColor = Color.FromArgb(255, 255, 255);
scherm.Controls.Add(status);

Label weergaveStatus = new Label();
weergaveStatus.Size = new Size(150, 25);
weergaveStatus.Location = new Point(30, 58);
weergaveStatus.Text = "Blauw begint aan zet";
weergaveStatus.BackColor = Color.FromArgb(255, 255, 255);
scherm.Controls.Add(weergaveStatus);

Label stand = new Label();
stand.Size = new Size(45, 25);
stand.Text = "STAND";
stand.Location = new Point(30, 100);
stand.BackColor = Color.FromArgb(255, 255, 255);
scherm.Controls.Add(stand);

Label weergaveAantalStenenRood = new Label();
weergaveAantalStenenRood.Size = new Size(100, 25);
weergaveAantalStenenRood.Location = new Point(55, 128);
weergaveAantalStenenRood.Text = "Rood: 2 stenen";
weergaveAantalStenenRood.BackColor = Color.FromArgb(255, 255, 255);
scherm.Controls.Add(weergaveAantalStenenRood);

Label weergaveAantalStenenBlauw = new Label();
weergaveAantalStenenBlauw.Size = new Size(100, 25);
weergaveAantalStenenBlauw.Location = new Point(55, 153);
weergaveAantalStenenBlauw.Text = "Blauw: 2 stenen";
weergaveAantalStenenBlauw.BackColor = Color.FromArgb(255, 255, 255);
scherm.Controls.Add(weergaveAantalStenenBlauw);

Label instellingen = new Label();
instellingen.Size = new Size(85, 20);
instellingen.Text = "INSTELLINGEN";
instellingen.Location = new Point(30, 200);
instellingen.BackColor = Color.FromArgb(255, 255, 255);
scherm.Controls.Add(instellingen);

Label kiesBordGrootte = new Label();
kiesBordGrootte.Size = new Size(200, 25);
kiesBordGrootte.Text = "Kies de gewenste bordgrootte:";
kiesBordGrootte.Location = new Point(30, 230);
kiesBordGrootte.BackColor = Color.FromArgb(255, 255, 255);
scherm.Controls.Add(kiesBordGrootte);

Label acties = new Label();
acties.Size = new Size(45, 25);
acties.Text = "ACTIES";
acties.Location = new Point(30, 320);
acties.BackColor = Color.FromArgb(255, 255, 255);
scherm.Controls.Add(acties);

//maken uitklaplijst voor opties spelbordgrootte
ComboBox spelBordGrootte = new ComboBox();
spelBordGrootte.DropDownStyle = ComboBoxStyle.DropDownList;
spelBordGrootte.Location = new Point(30, 255);
spelBordGrootte.Size = new Size(160, 28);
spelBordGrootte.Items.AddRange(new object[] { "4", "6", "8", "10" });
spelBordGrootte.SelectedItem = "6";

//maken knoppen voor help en nieuw spel
Button nieuwSpel = new Button();
nieuwSpel.Size = new Size(160, 36);
nieuwSpel.Location = new Point(30, 350);
nieuwSpel.BackColor = Color.FromArgb(37, 99, 235);
nieuwSpel.Text = "Nieuw spel";
scherm.Controls.Add(nieuwSpel);

Button help = new Button();
help.Size = new Size(160, 32);
help.Location = new Point(30, 395);
help.BackColor = Color.FromArgb(229, 231, 235);
help.Text = "Help";
scherm.Controls.Add(help);

//waardes array berekenen
int bordGrootte = int.Parse(spelBordGrootte.SelectedItem.ToString());
int[,] vakjes = new int[bordGrootte, bordGrootte];

//vakjes een startwaarde geven, waarbij 0 is leeg, 1 is blauw, 2 is rood
vakjes[bordGrootte / 2 - 1, bordGrootte / 2 - 1] = 1;
vakjes[bordGrootte / 2, bordGrootte / 2 - 1] = 2;
vakjes[bordGrootte / 2 - 1, bordGrootte / 2] = 2;
vakjes[bordGrootte / 2, bordGrootte / 2] = 1;

//tekenen van onderdelen van interface
void tekenenInterface(object o, PaintEventArgs pea)
{
    Graphics gr = pea.Graphics;
    gr.SmoothingMode = SmoothingMode.AntiAlias;

    //tekenen panelen
    Brush panel = new SolidBrush(Color.FromArgb(255, 255, 255));

    gr.FillRectangle(panel, 20, 20, 220, 600);
    gr.FillRectangle(panel, 260, 20, 535, 600);

    Brush rood = new SolidBrush(Color.Red);
    Brush blauw = new SolidBrush(Color.Blue);

    Pen grijs = new Pen(Color.FromArgb(107, 114, 128));

    //status
    gr.DrawLine(grijs, 75, 39, 220, 39);

    //stand
    gr.FillEllipse(rood, 30, 130, 14, 14);
    gr.FillEllipse(blauw, 30, 155, 14, 14);

    gr.DrawLine(grijs, 75, 110, 220, 110);


    //instellingen
    gr.DrawLine(grijs, 100, 210, 220, 210);

    //acties
    gr.DrawLine(grijs, 75, 330, 220, 330);
}

//tekenen spelbord
Label spelBord = new Label();
spelBord.Location = new Point((270 + (520 - (bordGrootte * 50 + 1)) / 2), (640 - (bordGrootte * 50 + 1)) / 2);
scherm.Controls.Add(spelBord);

void updateBordGrootteLabel(int bordGrootte)
{
    int bordGroottePixels = bordGrootte * 50 + 1;

    Bitmap plaatje_spelBord = new Bitmap(bordGroottePixels, bordGroottePixels);

    spelBord.Size = new Size(bordGroottePixels, bordGroottePixels);
    spelBord.Image = plaatje_spelBord;

    spelBord.Location = new Point(270 + (520 - bordGroottePixels) / 2,
        (640 - bordGroottePixels) / 2);

}
updateBordGrootteLabel(bordGrootte);

void comboBoxVeranderd(object o, EventArgs ea)
{
    // nieuwe bordgrootte ophalen
    bordGrootte = int.Parse(spelBordGrootte.SelectedItem.ToString());
    updateBordGrootteLabel(bordGrootte);

    vakjes = new int[bordGrootte, bordGrootte];

    for (int x = 0; x < bordGrootte; x++)
    {
        for (int y = 0; y < bordGrootte; y++)
        {
            vakjes[x, y] = 0;
        }
    }

    // startstenen opnieuw plaatsen
    vakjes[bordGrootte / 2 - 1, bordGrootte / 2 - 1] = 1;
    vakjes[bordGrootte / 2, bordGrootte / 2 - 1] = 2;
    vakjes[bordGrootte / 2 - 1, bordGrootte / 2] = 2;
    vakjes[bordGrootte / 2, bordGrootte / 2] = 1;

    spelBord.Invalidate();
}

void tekenSpelBord(object o, PaintEventArgs pea)
{

    Graphics gr = pea.Graphics;
    gr.SmoothingMode = SmoothingMode.AntiAlias;

    Brush vakjesAchtergrond = new SolidBrush(Color.FromArgb(250, 250, 250));

    for (int dx = 0; dx < int.Parse(spelBordGrootte.SelectedItem.ToString()); dx++)
    {
        for (int dy = 0; dy < int.Parse(spelBordGrootte.SelectedItem.ToString()); dy++)
        {
            gr.DrawRectangle(Pens.Black, 0 + dx * vakBreedte, 0 + dy * vakHoogte, vakBreedte, vakHoogte);
            gr.FillRectangle(vakjesAchtergrond, 0 + dx * vakBreedte, 0 + dy * vakHoogte, vakBreedte, vakHoogte);


        }
    }

    Brush rood = new SolidBrush(Color.Red);
    Brush blauw = new SolidBrush(Color.Blue);
    for (int x = 0; x < bordGrootte; x++)
    {
        for (int y = 0; y < bordGrootte; y++)
        {
            if (vakjes[x, y] == 1)
            {

                gr.FillEllipse(blauw, 0 + x * vakBreedte, 0 + y * vakHoogte, vakBreedte, vakHoogte);

            }
            if (vakjes[x, y] == 2)
            {
                gr.FillEllipse(rood, 0 + x * vakBreedte, 0 + y * vakHoogte, vakBreedte, vakHoogte);

            }
        }
    }
}

//functie die controleert of een zet in een bepaalde x,y-richting zorgt voor het insluiten van een steen van de tegenstander
bool zorgtVoorInsluiten(int vak_x, int vak_y, int richting_x, int richting_y)
{
    //bordgrootte bepalen
    bordGrootte = int.Parse(spelBordGrootte.SelectedItem.ToString());

    //coördinaten van vakje dat gecontroleerd wordt
    int controleren_x = vak_x + richting_x;
    int controleren_y = vak_y + richting_y;

    //ervoor zorgen dat het te controleren vakje niet buiten het bord valt
    if (controleren_x >= 0 && controleren_y >= 0 && controleren_x < bordGrootte && controleren_y < bordGrootte)
    {
        //controleren of eerste vakje in gekozen richting een schijf van de tegenstander bevat
        if (vakjes[controleren_x, controleren_y] == huidigeSpeler || vakjes[controleren_x, controleren_y] == 0)
        {
            return false;
        }
    }
    else
    {
        return false;
    }

    //ervoor zorgen dat gecontroleerd wordt zolang het te controleren vakje niet buiten het bord valt
    while (controleren_x >= 0 && controleren_y >= 0 && controleren_x < bordGrootte && controleren_y < bordGrootte)
    {
        if (vakjes[controleren_x, controleren_y] == huidigeSpeler)
        {
            return true;
        }

        if (vakjes[controleren_x, controleren_y] == 0)
        {
            return false;
        }

        controleren_x += richting_x;
        controleren_y += richting_y;
    }
    return false;
}

//richting omdraaien om alle schijfjes te kunnen controleren
void draaiRichtingOm(int vak_x, int vak_y, int richting_x, int richting_y)
{
    int x = vak_x + richting_x;
    int y = vak_y + richting_y;

    // draai alle stenen om totdat we weer een steen van de huidige speler tegenkomen
    while (x >= 0 && y >= 0 && x < bordGrootte && y < bordGrootte && vakjes[x, y] != huidigeSpeler)
    {
        if (vakjes[x, y] != 0)
        {
            vakjes[x, y] = huidigeSpeler;
        }

        x += richting_x;
        y += richting_y;
    }
}

bool isGeldigeZet(int x, int y)
{
    if (vakjes[x, y] != 0)
        return false;

    int[] richtingen = { -1, 0, 1 };

    foreach (int rx in richtingen)
    {
        foreach (int ry in richtingen)
        {
            if (rx == 0 && ry == 0) continue;

            if (zorgtVoorInsluiten(x, y, rx, ry))
                return true;
        }
    }

    return false;
}

void flipSchijfjes(int vak_x, int vak_y, int richting_x, int richting_y)
{
    //coordinaten om te controleren
    int controleren_x = vak_x + richting_x;
    int controleren_y = vak_y + richting_y;

    //checken dat er daadwerkelijk ingesloten wordt
    if (!zorgtVoorInsluiten(vak_x, vak_y, richting_x, richting_y))
        return;

    //alles omdraaien tot we een eigen kleur tegenkomen
    while (vakjes[controleren_x, controleren_y] != huidigeSpeler)
    {
        vakjes[controleren_x, controleren_y] = huidigeSpeler;
        controleren_x += richting_x;
        controleren_y += richting_y;

    }

}

// ook flippen als door een flip een steen wordt ingesloten
bool blijfFlippen(int vak_x, int vak_y)
{
    bool isGeflipt = false;
    int[] richtingen = { -1, 0, 1 };

    foreach (int richting_x in richtingen)
    {
        foreach (int richting_y in richtingen)
        {
            if (richting_x == 0 && richting_y == 0) continue;

            if (zorgtVoorInsluiten(vak_x, vak_y, richting_x, richting_y))
            {
                draaiRichtingOm(vak_x, vak_y, richting_x, richting_y);
                isGeflipt = true;
            }
        }
    }
    return isGeflipt;
}

void doeZet(int vak_x, int vak_y)
{
    if (!isGeldigeZet(vak_x, vak_y)) return;

    vakjes[vak_x, vak_y] = huidigeSpeler;

    int[] richtingen = { -1, 0, 1 };

    // flipt schijfjes als ze ingesloten zijn
    foreach (int rx in richtingen)
    {
        foreach (int ry in richtingen)
        {
            if (rx == 0 && ry == 0) continue;

            if (zorgtVoorInsluiten(vak_x, vak_y, rx, ry))
            {
                flipSchijfjes(vak_x, vak_y, rx, ry);
            }
        }
    }
    // blijf flippen zolang er nieuwe insluitingen ontstaan
    while (blijfFlippen(vak_x, vak_y))
    {

    }
}

//checken of er überhaupt geldige zetten zijn
bool heeftGeldigeZet(int speler)
{
    for (int x = 0; x < bordGrootte; x++)
    {
        for (int y = 0; y < bordGrootte; y++)
        {
            if (vakjes[x, y] == 0)
            {
                // tijdelijk huidigeSpeler aanpassen
                int oudeSpeler = huidigeSpeler;

                bool geldig = isGeldigeZet(x, y);

                huidigeSpeler = oudeSpeler;

                if (geldig)
                    return true;
            }
        }
    }
    return false;
}

// muisklik tracken
void klik(object o, MouseEventArgs mea)
{
    int vak_x = mea.X / vakBreedte;
    int vak_y = mea.Y / vakHoogte;
    System.Diagnostics.Debug.WriteLine($"{vak_x} {vak_y}");
    
    // check of nieuwe speler een zet heeft
    if (!heeftGeldigeZet(huidigeSpeler))
    {
        MessageBox.Show($"Speler {huidigeSpeler} heeft geen geldige zetten en moet overslaan.");

        // speler opnieuw wisselen
        huidigeSpeler = 3 - huidigeSpeler;
        wieIsAanDeBeurt(huidigeSpeler);
        
        // check of deze speler ook geen zetten heeft
        if (!heeftGeldigeZet(huidigeSpeler))
        {
            MessageBox.Show("Geen van beide spelers heeft nog geldige zetten. Het spel is afgelopen.");
            if (aantalStenenRood > aantalStenenBlauw)
            {
                weergaveStatus.Text = "Rood wint!";
                MessageBox.Show("Rood heeft gewonnen!");
            }

            if (aantalStenenBlauw > aantalStenenRood)
            {
                weergaveStatus.Text = "Blauw wint!";
                MessageBox.Show("Blauw heeft gewonnen!");
            }

            if (aantalStenenRood == aantalStenenBlauw)
            {
                weergaveStatus.Text = "Het is gelijkspel";
                MessageBox.Show("Het is gelijkspel");
            }
        }return;
    }

    if (!isGeldigeZet(vak_x, vak_y))
        return;
    doeZet(vak_x,vak_y);
    huidigeSpeler = 3 - huidigeSpeler;
    wieIsAanDeBeurt(huidigeSpeler);

    hoeveelStenen();
    spelBord.Invalidate();
}

void wieIsAanDeBeurt(int huidgespeler)
{
    if (huidgespeler == 2)
        weergaveStatus.Text = "Rood is aan de beurt!";
    else weergaveStatus.Text = "Blauw is aan de beurt!";
    weergaveStatus.Invalidate();
}

void hoeveelStenen()
{
    aantalStenenBlauw = 0;
    aantalStenenRood = 0;

    for (int x = 0; x < bordGrootte; x++)
    {
        for (int y = 0; y < bordGrootte; y++)
        {
            if (vakjes[x, y] == 1)
                aantalStenenBlauw += 1;
            if (vakjes[x,y] == 2)
                aantalStenenRood += 1;
        }
    }

    weergaveAantalStenenBlauw.Text = $"Blauw: {aantalStenenBlauw} stenen";
    weergaveAantalStenenRood.Text = $"Rood: {aantalStenenRood} stenen";   
}

void startNieuwSpel(object o, EventArgs ea)
{
    bordGrootte = int.Parse(spelBordGrootte.SelectedItem.ToString());
    updateBordGrootteLabel(bordGrootte);

    vakjes = new int[bordGrootte, bordGrootte];

    for (int x = 0; x < bordGrootte; x++)
    {
        for (int y = 0; y < bordGrootte; y++)
        {
            vakjes[x, y] = 0;
        }
    }

    // startstenen opnieuw plaatsen
    vakjes[bordGrootte / 2 - 1, bordGrootte / 2 - 1] = 1;
    vakjes[bordGrootte / 2, bordGrootte / 2 - 1] = 2;
    vakjes[bordGrootte / 2 - 1, bordGrootte / 2] = 2;
    vakjes[bordGrootte / 2, bordGrootte / 2] = 1;

    spelBord.Invalidate();
    hoeveelStenen();
}

void helpKnopAanpassen(object o, EventArgs ea)
{
    if (help.Text == "Help")
    {
        spelBord.Paint += helpTeken;
        help.Text = "Deactiveer hulp";
        spelBord.Invalidate();
        return;
    }

    if (help.Text == "Deactiveer hulp")
    {
        spelBord.Paint -= helpTeken;
        help.Text = "Help";
        spelBord.Invalidate();
        return;
    }
}

// tekenen van cirkels bij inklikken helpknop
void helpTeken (object o, PaintEventArgs pea)
{
    Graphics gr = pea.Graphics;
    gr.SmoothingMode = SmoothingMode.AntiAlias;

    for (int x = 0; x < bordGrootte; x++)
    {
        for (int y = 0; y < bordGrootte; y++)
        {
            if (isGeldigeZet(x,y))
            {
                gr.DrawEllipse(Pens.Black, 5 + x * vakBreedte , 5 + y * vakHoogte , 40, 40);
            }
        }
    }
}

help.Click += helpKnopAanpassen;
spelBordGrootte.SelectionChangeCommitted += comboBoxVeranderd;
nieuwSpel.MouseClick += startNieuwSpel;
spelBord.Paint += tekenSpelBord;
scherm.Paint += tekenenInterface;
spelBord.MouseClick += klik;
scherm.Controls.Add(spelBordGrootte);
Application.Run(scherm);

